# Pinned direct dependencies for reproducibility (G1).
# Resolved 2026-09-22 on Python 3.13.15. Transitive deps are left to the resolver.
# The Docker image uses Python 3.11; these versions all support 3.11-3.13.
lancedb==0.39.0
pyarrow==25.0.1
requests==2.34.2
pytest==9.1.1
# Optional neural dense-retrieval path (EMBEDDING_BACKEND=auto|fastembed).
# Installed by default here so Docker/scripts get semantic retrieval; the code
# still falls back to hash embeddings if these are absent.
fastembed==0.8.0
onnxruntime==1.24.2
